
Microsoft Visual Studio Solution File, Format Version 12.00
# Visual Studio Version 17
VisualStudioVersion = 17.7.34009.444
MinimumVisualStudioVersion = 10.0.40219.1
Project("{FAE04EC0-301F-11D3-BF4B-00C04F79EFBC}") = "PruebaEntrevista", "PruebaEntrevista.csproj", "{8ECCA5C5-1C86-4219-8F94-E729AF835BEA}"
EndProject
Global
	GlobalSection(SolutionConfigurationPlatforms) = preSolution
		Debug|Any CPU = Debug|Any CPU
		Release|Any CPU = Release|Any CPU
	EndGlobalSection
	GlobalSection(ProjectConfigurationPlatforms) = postSolution
		{8ECCA5C5-1C86-4219-8F94-E729AF835BEA}.Debug|Any CPU.ActiveCfg = Debug|Any CPU
		{8ECCA5C5-1C86-4219-8F94-E729AF835BEA}.Debug|Any CPU.Build.0 = Debug|Any CPU
		{8ECCA5C5-1C86-4219-8F94-E729AF835BEA}.Release|Any CPU.ActiveCfg = Release|Any CPU
		{8ECCA5C5-1C86-4219-8F94-E729AF835BEA}.Release|Any CPU.Build.0 = Release|Any CPU
	EndGlobalSection
	GlobalSection(SolutionProperties) = preSolution
		HideSolutionNode = FALSE
	EndGlobalSection
	GlobalSection(ExtensibilityGlobals) = postSolution
		SolutionGuid = {533F4001-4780-4869-B33D-F763B0FBC32F}
	EndGlobalSection
EndGlobal
